// !$*UTF8*$!
{
	archiveVersion = 1;
	classes = {
	};
	objectVersion = 46;
	objects = {

/* Begin PBXFileReference section */
		14F2AAB81D4321FB003D0C62 /* Snapshot.h */ = {isa = PBXFileReference; lastKnownFileType = sourcecode.c.h; path = Snapshot.h; sourceTree = "<group>"; };
		14F2AAB91D4321FB003D0C62 /* Snapshot.m */ = {isa = PBXFileReference; lastKnownFileType = sourcecode.c.objc; path = Snapshot.m; sourceTree = "<group>"; };
/* End PBXFileReference section */

/* Begin PBXGroup section */
		149C51BC1D41694400E6B7EE = {
			isa = PBXGroup;
			children = (
				14F2AAB81D4321FB003D0C62 /* Snapshot.h */,
				14F2AAB91D4321FB003D0C62 /* Snapshot.m */,
			);
			sourceTree = "<group>";
		};
/* End PBXGroup section */

/* Begin PBXProject section */
		149C51BD1D41694400E6B7EE /* Project object */ = {
			isa = PBXProject;
			attributes = {
				LastUpgradeCheck = 0730;
			};
			buildConfigurationList = 149C51C01D41694400E6B7EE /* Build configuration list for PBXProject "react-native-snapshot" */;
			compatibilityVersion = "Xcode 3.2";
			developmentRegion = English;
			hasScannedForEncodings = 0;
			knownRegions = (
				en,
			);
			mainGroup = 149C51BC1D41694400E6B7EE;
			projectDirPath = "";
			projectRoot = "";
			targets = (
			);
		};
/* End PBXProject section */

/* Begin XCBuildConfiguration section */
		149C51C11D41694400E6B7EE /* Debug */ = {
			isa = XCBuildConfiguration;
			buildSettings = {
			};
			name = Debug;
		};
		149C51C21D41694400E6B7EE /* Release */ = {
			isa = XCBuildConfiguration;
			buildSettings = {
			};
			name = Release;
		};
/* End XCBuildConfiguration section */

/* Begin XCConfigurationList section */
		149C51C01D41694400E6B7EE /* Build configuration list for PBXProject "react-native-snapshot" */ = {
			isa = XCConfigurationList;
			buildConfigurations = (
				149C51C11D41694400E6B7EE /* Debug */,
				149C51C21D41694400E6B7EE /* Release */,
			);
			defaultConfigurationIsVisible = 0;
			defaultConfigurationName = Release;
		};
/* End XCConfigurationList section */
	};
	rootObject = 149C51BD1D41694400E6B7EE /* Project object */;
}
